// !$*UTF8*$!
{
	archiveVersion = 1;
	classes = {
	};
	objectVersion = 46;
	objects = {

/* Begin PBXBuildFile section */
		A81543AF1D6484F000E96B06 /* main.m in Sources */ = {isa = PBXBuildFile; fileRef = A81543AE1D6484F000E96B06 /* main.m */; };
		A819E0DB1D954F0A00DE4734 /* xiaomi.cpp in Sources */ = {isa = PBXBuildFile; fileRef = A819E0DA1D954F0A00DE4734 /* xiaomi.cpp */; };
		A8CE97F21D858921001BF8C7 /* tencent.cpp in Sources */ = {isa = PBXBuildFile; fileRef = A8CE97F11D858921001BF8C7 /* tencent.cpp */; };
/* End PBXBuildFile section */

/* Begin PBXCopyFilesBuildPhase section */
		A81543A91D6484F000E96B06 /* CopyFiles */ = {
			isa = PBXCopyFilesBuildPhase;
			buildActionMask = 2147483647;
			dstPath = /usr/share/man/man1/;
			dstSubfolderSpec = 0;
			files = (
			);
			runOnlyForDeploymentPostprocessing = 1;
		};
/* End PBXCopyFilesBuildPhase section */

/* Begin PBXFileReference section */
		A81543AB1D6484F000E96B06 /* youdao */ = {isa = PBXFileReference; explicitFileType = "compiled.mach-o.executable"; includeInIndex = 0; path = youdao; sourceTree = BUILT_PRODUCTS_DIR; };
		A81543AE1D6484F000E96B06 /* main.m */ = {isa = PBXFileReference; lastKnownFileType = sourcecode.c.objc; path = main.m; sourceTree = "<group>"; };
		A819E0DA1D954F0A00DE4734 /* xiaomi.cpp */ = {isa = PBXFileReference; fileEncoding = 4; lastKnownFileType = sourcecode.cpp.cpp; path = xiaomi.cpp; sourceTree = "<group>"; };
		A8CE97F11D858921001BF8C7 /* tencent.cpp */ = {isa = PBXFileReference; fileEncoding = 4; lastKnownFileType = sourcecode.cpp.cpp; path = tencent.cpp; sourceTree = "<group>"; };
/* End PBXFileReference section */

/* Begin PBXFrameworksBuildPhase section */
		A81543A81D6484F000E96B06 /* Frameworks */ = {
			isa = PBXFrameworksBuildPhase;
			buildActionMask = 2147483647;
			files = (
			);
			runOnlyForDeploymentPostprocessing = 0;
		};
/* End PBXFrameworksBuildPhase section */

/* Begin PBXGroup section */
		A81543A21D6484F000E96B06 = {
			isa = PBXGroup;
			children = (
				A81543AD1D6484F000E96B06 /* youdao */,
				A81543AC1D6484F000E96B06 /* Products */,
			);
			sourceTree = "<group>";
		};
		A81543AC1D6484F000E96B06 /* Products */ = {
			isa = PBXGroup;
			children = (
				A81543AB1D6484F000E96B06 /* youdao */,
			);
			name = Products;
			sourceTree = "<group>";
		};
		A81543AD1D6484F000E96B06 /* youdao */ = {
			isa = PBXGroup;
			children = (
				A81543AE1D6484F000E96B06 /* main.m */,
				A8CE97F11D858921001BF8C7 /* tencent.cpp */,
				A819E0DA1D954F0A00DE4734 /* xiaomi.cpp */,
			);
			path = youdao;
			sourceTree = "<group>";
		};
/* End PBXGroup section */

/* Begin PBXNativeTarget section */
		A81543AA1D6484F000E96B06 /* youdao */ = {
			isa = PBXNativeTarget;
			buildConfigurationList = A81543B21D6484F000E96B06 /* Build configuration list for PBXNativeTarget "youdao" */;
			buildPhases = (
				A81543A71D6484F000E96B06 /* Sources */,
				A81543A81D6484F000E96B06 /* Frameworks */,
				A81543A91D6484F000E96B06 /* CopyFiles */,
			);
			buildRules = (
			);
			dependencies = (
			);
			name = youdao;
			productName = youdao;
			productReference = A81543AB1D6484F000E96B06 /* youdao */;
			productType = "com.apple.product-type.tool";
		};
/* End PBXNativeTarget section */

/* Begin PBXProject section */
		A81543A31D6484F000E96B06 /* Project object */ = {
			isa = PBXProject;
			attributes = {
				LastUpgradeCheck = 0730;
				ORGANIZATIONNAME = liutong;
				TargetAttributes = {
					A81543AA1D6484F000E96B06 = {
						CreatedOnToolsVersion = 7.3.1;
					};
				};
			};
			buildConfigurationList = A81543A61D6484F000E96B06 /* Build configuration list for PBXProject "youdao" */;
			compatibilityVersion = "Xcode 3.2";
			developmentRegion = English;
			hasScannedForEncodings = 0;
			knownRegions = (
				en,
			);
			mainGroup = A81543A21D6484F000E96B06;
			productRefGroup = A81543AC1D6484F000E96B06 /* Products */;
			projectDirPath = "";
			projectRoot = "";
			targets = (
				A81543AA1D6484F000E96B06 /* youdao */,
			);
		};
/* End PBXProject section */

/* Begin PBXSourcesBuildPhase section */
		A81543A71D6484F000E96B06 /* Sources */ = {
			isa = PBXSourcesBuildPhase;
			buildActionMask = 2147483647;
			files = (
				A81543AF1D6484F000E96B06 /* main.m in Sources */,
				A8CE97F21D858921001BF8C7 /* tencent.cpp in Sources */,
				A819E0DB1D954F0A00DE4734 /* xiaomi.cpp in Sources */,
			);
			runOnlyForDeploymentPostprocessing = 0;
		};
/* End PBXSourcesBuildPhase section */

/* Begin XCBuildConfiguration section */
		A81543B01D6484F000E96B06 /* Debug */ = {
			isa = XCBuildConfiguration;
			buildSettings = {
				ALWAYS_SEARCH_USER_PATHS = NO;
				CLANG_ANALYZER_NONNULL = YES;
				CLANG_CXX_LANGUAGE_STANDARD = "gnu++0x";
				CLANG_CXX_LIBRARY = "libc++";
				CLANG_ENABLE_MODULES = YES;
				CLANG_ENABLE_OBJC_ARC = YES;
				CLANG_WARN_BOOL_CONVERSION = YES;
				CLANG_WARN_CONSTANT_CONVERSION = YES;
				CLANG_WARN_DIRECT_OBJC_ISA_USAGE = YES_ERROR;
				CLANG_WARN_EMPTY_BODY = YES;
				CLANG_WARN_ENUM_CONVERSION = YES;
				CLANG_WARN_INT_CONVERSION = YES;
				CLANG_WARN_OBJC_ROOT_CLASS = YES_ERROR;
				CLANG_WARN_UNREACHABLE_CODE = YES;
				CLANG_WARN__DUPLICATE_METHOD_MATCH = YES;
				CODE_SIGN_IDENTITY = "-";
				COPY_PHASE_STRIP = NO;
				DEBUG_INFORMATION_FORMAT = dwarf;
				ENABLE_STRICT_OBJC_MSGSEND = YES;
				ENABLE_TESTABILITY = YES;
				GCC_C_LANGUAGE_STANDARD = gnu99;
				GCC_DYNAMIC_NO_PIC = NO;
				GCC_NO_COMMON_BLOCKS = YES;
				GCC_OPTIMIZATION_LEVEL = 0;
				GCC_PREPROCESSOR_DEFINITIONS = (
					"DEBUG=1",
					"$(inherited)",
				);
				GCC_WARN_64_TO_32_BIT_CONVERSION = YES;
				GCC_WARN_ABOUT_RETURN_TYPE = YES_ERROR;
				GCC_WARN_UNDECLARED_SELECTOR = YES;
				GCC_WARN_UNINITIALIZED_AUTOS = YES_AGGRESSIVE;
				GCC_WARN_UNUSED_FUNCTION = YES;
				GCC_WARN_UNUSED_VARIABLE = YES;
				MACOSX_DEPLOYMENT_TARGET = 10.11;
				MTL_ENABLE_DEBUG_INFO = YES;
				ONLY_ACTIVE_ARCH = YES;
				SDKROOT = macosx;
			};
			name = Debug;
		};
		A81543B11D6484F000E96B06 /* Release */ = {
			isa = XCBuildConfiguration;
			buildSettings = {
				ALWAYS_SEARCH_USER_PATHS = NO;
				CLANG_ANALYZER_NONNULL = YES;
				CLANG_CXX_LANGUAGE_STANDARD = "gnu++0x";
				CLANG_CXX_LIBRARY = "libc++";
				CLANG_ENABLE_MODULES = YES;
				CLANG_ENABLE_OBJC_ARC = YES;
				CLANG_WARN_BOOL_CONVERSION = YES;
				CLANG_WARN_CONSTANT_CONVERSION = YES;
				CLANG_WARN_DIRECT_OBJC_ISA_USAGE = YES_ERROR;
				CLANG_WARN_EMPTY_BODY = YES;
				CLANG_WARN_ENUM_CONVERSION = YES;
				CLANG_WARN_INT_CONVERSION = YES;
				CLANG_WARN_OBJC_ROOT_CLASS = YES_ERROR;
				CLANG_WARN_UNREACHABLE_CODE = YES;
				CLANG_WARN__DUPLICATE_METHOD_MATCH = YES;
				CODE_SIGN_IDENTITY = "-";
				COPY_PHASE_STRIP = NO;
				DEBUG_INFORMATION_FORMAT = "dwarf-with-dsym";
				ENABLE_NS_ASSERTIONS = NO;
				ENABLE_STRICT_OBJC_MSGSEND = YES;
				GCC_C_LANGUAGE_STANDARD = gnu99;
				GCC_NO_COMMON_BLOCKS = YES;
				GCC_WARN_64_TO_32_BIT_CONVERSION = YES;
				GCC_WARN_ABOUT_RETURN_TYPE = YES_ERROR;
				GCC_WARN_UNDECLARED_SELECTOR = YES;
				GCC_WARN_UNINITIALIZED_AUTOS = YES_AGGRESSIVE;
				GCC_WARN_UNUSED_FUNCTION = YES;
				GCC_WARN_UNUSED_VARIABLE = YES;
				MACOSX_DEPLOYMENT_TARGET = 10.11;
				MTL_ENABLE_DEBUG_INFO = NO;
				SDKROOT = macosx;
			};
			name = Release;
		};
		A81543B31D6484F000E96B06 /* Debug */ = {
			isa = XCBuildConfiguration;
			buildSettings = {
				PRODUCT_NAME = "$(TARGET_NAME)";
			};
			name = Debug;
		};
		A81543B41D6484F000E96B06 /* Release */ = {
			isa = XCBuildConfiguration;
			buildSettings = {
				PRODUCT_NAME = "$(TARGET_NAME)";
			};
			name = Release;
		};
/* End XCBuildConfiguration section */

/* Begin XCConfigurationList section */
		A81543A61D6484F000E96B06 /* Build configuration list for PBXProject "youdao" */ = {
			isa = XCConfigurationList;
			buildConfigurations = (
				A81543B01D6484F000E96B06 /* Debug */,
				A81543B11D6484F000E96B06 /* Release */,
			);
			defaultConfigurationIsVisible = 0;
			defaultConfigurationName = Release;
		};
		A81543B21D6484F000E96B06 /* Build configuration list for PBXNativeTarget "youdao" */ = {
			isa = XCConfigurationList;
			buildConfigurations = (
				A81543B31D6484F000E96B06 /* Debug */,
				A81543B41D6484F000E96B06 /* Release */,
			);
			defaultConfigurationIsVisible = 0;
			defaultConfigurationName = Release;
		};
/* End XCConfigurationList section */
	};
	rootObject = A81543A31D6484F000E96B06 /* Project object */;
}
